
Microsoft Visual Studio Solution File, Format Version 12.00
# Visual Studio Version 16
VisualStudioVersion = 16.0.29209.62
MinimumVisualStudioVersion = 10.0.40219.1
Project("{FAE04EC0-301F-11D3-BF4B-00C04F79EFBC}") = "Data Base", "Data Base.csproj", "{664F363B-FA1F-4129-84DA-D9C766AA794D}"
EndProject
Global
	GlobalSection(SolutionConfigurationPlatforms) = preSolution
		Debug|Any CPU = Debug|Any CPU
		Release|Any CPU = Release|Any CPU
	EndGlobalSection
	GlobalSection(ProjectConfigurationPlatforms) = postSolution
		{664F363B-FA1F-4129-84DA-D9C766AA794D}.Debug|Any CPU.ActiveCfg = Debug|Any CPU
		{664F363B-FA1F-4129-84DA-D9C766AA794D}.Debug|Any CPU.Build.0 = Debug|Any CPU
		{664F363B-FA1F-4129-84DA-D9C766AA794D}.Release|Any CPU.ActiveCfg = Release|Any CPU
		{664F363B-FA1F-4129-84DA-D9C766AA794D}.Release|Any CPU.Build.0 = Release|Any CPU
	EndGlobalSection
	GlobalSection(SolutionProperties) = preSolution
		HideSolutionNode = FALSE
	EndGlobalSection
	GlobalSection(ExtensibilityGlobals) = postSolution
		SolutionGuid = {42780877-3ACD-46A5-84EE-A701EE06167D}
	EndGlobalSection
EndGlobal
